{
    "version": 3,
    "terraform_version": "0.11.0",
    "serial": 2,
    "lineage": "3be55df6-b501-4ed1-b34a-f4441c9cacae",
    "modules": [
        {
            "path": [
                "root"
            ],
            "outputs": {},
            "resources": {
                "azurerm_app_service.Dev": {
                    "type": "azurerm_app_service",
                    "depends_on": [
                        "azurerm_app_service_plan.Dev",
                        "azurerm_resource_group.Dev"
                    ],
                    "primary": {
                        "id": "/subscriptions/6e853836-b54e-4b6b-b8ab-27d54299622e/resourceGroups/iDare-Dev/providers/Microsoft.Web/sites/iDare-Dev-app-service",
                        "attributes": {
                            "app_service_plan_id": "/subscriptions/6e853836-b54e-4b6b-b8ab-27d54299622e/resourceGroups/iDare-Dev/providers/Microsoft.Web/serverfarms/Dev-appserviceplan",
                            "app_settings.%": "1",
                            "app_settings.Name": "Dev",
                            "client_affinity_enabled": "true",
                            "client_cert_enabled": "false",
                            "connection_string.#": "1",
                            "connection_string.2693629841.name": "Database",
                            "connection_string.2693629841.type": "SQLServer",
                            "connection_string.2693629841.value": "Server=Dev.mydomain.com;Integrated Security=SSPI",
                            "default_site_hostname": "idare-dev-app-service.azurewebsites.net",
                            "enabled": "true",
                            "https_only": "false",
                            "id": "/subscriptions/6e853836-b54e-4b6b-b8ab-27d54299622e/resourceGroups/iDare-Dev/providers/Microsoft.Web/sites/iDare-Dev-app-service",
                            "identity.#": "0",
                            "location": "westeurope",
                            "name": "iDare-Dev-app-service",
                            "outbound_ip_addresses": "13.69.68.1,104.47.161.32,104.47.142.248,40.115.59.104,104.47.144.212",
                            "possible_outbound_ip_addresses": "13.69.68.1,104.47.161.32,104.47.142.248,40.115.59.104,104.47.144.212,104.47.161.137,104.47.143.150,104.47.161.68",
                            "resource_group_name": "iDare-Dev",
                            "site_config.#": "1",
                            "site_config.0.always_on": "false",
                            "site_config.0.app_command_line": "",
                            "site_config.0.cors.#": "1",
                            "site_config.0.cors.0.allowed_origins.#": "0",
                            "site_config.0.cors.0.support_credentials": "false",
                            "site_config.0.default_documents.#": "0",
                            "site_config.0.dotnet_framework_version": "v4.0",
                            "site_config.0.ftps_state": "AllAllowed",
                            "site_config.0.http2_enabled": "false",
                            "site_config.0.ip_restriction.#": "0",
                            "site_config.0.java_container": "",
                            "site_config.0.java_container_version": "",
                            "site_config.0.java_version": "",
                            "site_config.0.linux_fx_version": "",
                            "site_config.0.local_mysql_enabled": "false",
                            "site_config.0.managed_pipeline_mode": "Integrated",
                            "site_config.0.min_tls_version": "1.2",
                            "site_config.0.php_version": "",
                            "site_config.0.python_version": "",
                            "site_config.0.remote_debugging_enabled": "false",
                            "site_config.0.remote_debugging_version": "VS2017",
                            "site_config.0.scm_type": "LocalGit",
                            "site_config.0.use_32_bit_worker_process": "false",
                            "site_config.0.virtual_network_name": "",
                            "site_config.0.websockets_enabled": "false",
                            "site_credential.#": "1",
                            "site_credential.0.password": "sbJpfCLXbafKN8dZkdn9Svs9rFBWXuZsPgM073Emlm0MfCYcC4fyFd9Tevow",
                            "site_credential.0.username": "$iDare-Dev-app-service",
                            "source_control.#": "1",
                            "source_control.0.branch": "master",
                            "source_control.0.repo_url": "https://idare-dev-app-service.scm.azurewebsites.net",
                            "tags.%": "0"
                        },
                        "meta": {},
                        "tainted": false
                    },
                    "deposed": [],
                    "provider": "provider.azurerm"
                },
                "azurerm_app_service_plan.Dev": {
                    "type": "azurerm_app_service_plan",
                    "depends_on": [
                        "azurerm_resource_group.Dev"
                    ],
                    "primary": {
                        "id": "/subscriptions/6e853836-b54e-4b6b-b8ab-27d54299622e/resourceGroups/iDare-Dev/providers/Microsoft.Web/serverfarms/Dev-appserviceplan",
                        "attributes": {
                            "id": "/subscriptions/6e853836-b54e-4b6b-b8ab-27d54299622e/resourceGroups/iDare-Dev/providers/Microsoft.Web/serverfarms/Dev-appserviceplan",
                            "kind": "Windows",
                            "location": "westeurope",
                            "maximum_number_of_workers": "10",
                            "name": "Dev-appserviceplan",
                            "per_site_scaling": "false",
                            "properties.#": "1",
                            "properties.0.app_service_environment_id": "",
                            "properties.0.per_site_scaling": "false",
                            "properties.0.reserved": "false",
                            "reserved": "false",
                            "resource_group_name": "iDare-Dev",
                            "sku.#": "1",
                            "sku.0.capacity": "1",
                            "sku.0.size": "S1",
                            "sku.0.tier": "Standard",
                            "tags.%": "0"
                        },
                        "meta": {},
                        "tainted": false
                    },
                    "deposed": [],
                    "provider": "provider.azurerm"
                },
                "azurerm_resource_group.Dev": {
                    "type": "azurerm_resource_group",
                    "depends_on": [],
                    "primary": {
                        "id": "/subscriptions/6e853836-b54e-4b6b-b8ab-27d54299622e/resourceGroups/iDare-Dev",
                        "attributes": {
                            "id": "/subscriptions/6e853836-b54e-4b6b-b8ab-27d54299622e/resourceGroups/iDare-Dev",
                            "location": "westeurope",
                            "name": "iDare-Dev",
                            "tags.%": "0"
                        },
                        "meta": {},
                        "tainted": false
                    },
                    "deposed": [],
                    "provider": "provider.azurerm"
                },
                "azurerm_virtual_network.Dev": {
                    "type": "azurerm_virtual_network",
                    "depends_on": [
                        "azurerm_resource_group.Dev"
                    ],
                    "primary": {
                        "id": "/subscriptions/6e853836-b54e-4b6b-b8ab-27d54299622e/resourceGroups/iDare-Dev/providers/Microsoft.Network/virtualNetworks/production-network",
                        "attributes": {
                            "address_space.#": "1",
                            "address_space.0": "10.0.0.0/16",
                            "ddos_protection_plan.#": "0",
                            "dns_servers.#": "0",
                            "id": "/subscriptions/6e853836-b54e-4b6b-b8ab-27d54299622e/resourceGroups/iDare-Dev/providers/Microsoft.Network/virtualNetworks/production-network",
                            "location": "westeurope",
                            "name": "production-network",
                            "resource_group_name": "iDare-Dev",
                            "subnet.#": "0",
                            "tags.%": "0"
                        },
                        "meta": {},
                        "tainted": false
                    },
                    "deposed": [],
                    "provider": "provider.azurerm"
                },
                "random_integer.ri": {
                    "type": "random_integer",
                    "depends_on": [],
                    "primary": {
                        "id": "94119",
                        "attributes": {
                            "id": "94119",
                            "max": "99999",
                            "min": "10000",
                            "result": "94119"
                        },
                        "meta": {},
                        "tainted": false
                    },
                    "deposed": [],
                    "provider": "provider.random"
                }
            },
            "depends_on": []
        }
    ]
}
